<?xml version="1.0" encoding="utf-8"?>
<Project ToolsVersion="4.0" xmlns="http://schemas.microsoft.com/developer/msbuild/2003">
  <ItemGroup>
    <Filter Include="Source Files">
      <UniqueIdentifier>{4FC737F1-C7A5-4376-A066-2A32D752A2FF}</UniqueIdentifier>
      <Extensions>cpp;c;cc;cxx;def;odl;idl;hpj;bat;asm;asmx</Extensions>
    </Filter>
    <Filter Include="Header Files">
      <UniqueIdentifier>{93995380-89BD-4b04-88EB-625FBE52EBFB}</UniqueIdentifier>
      <Extensions>h;hh;hpp;hxx;hm;inl;inc;xsd</Extensions>
    </Filter>
    <Filter Include="Resource Files">
      <UniqueIdentifier>{67DA6AB6-F800-4c08-8B7A-83BB121AAD01}</UniqueIdentifier>
      <Extensions>rc;ico;cur;bmp;dlg;rc2;rct;bin;rgs;gif;jpg;jpeg;jpe;resx;tiff;tif;png;wav;mfcribbon-ms</Extensions>
    </Filter>
    <Filter Include="Header Files\Exceptions">
      <UniqueIdentifier>{d9f4fb9c-1c5b-4cc0-b42c-60d2d2b56973}</UniqueIdentifier>
    </Filter>
    <Filter Include="Header Files\Classes">
      <UniqueIdentifier>{d06d7541-87ab-4275-93a5-79baab8d0431}</UniqueIdentifier>
    </Filter>
    <Filter Include="Header Files\Util">
      <UniqueIdentifier>{1013bc19-96be-4938-af68-14baff3ab936}</UniqueIdentifier>
    </Filter>
    <Filter Include="Header Files\Classes\Shadow and Lighting">
      <UniqueIdentifier>{b47f173b-1e1c-4869-aa45-bb7ba9e119d7}</UniqueIdentifier>
    </Filter>
    <Filter Include="Source Files\Classes">
      <UniqueIdentifier>{322866fa-c30b-4293-91df-d6b896321d0d}</UniqueIdentifier>
    </Filter>
    <Filter Include="Source Files\Classes\Shadow and Lighting">
      <UniqueIdentifier>{30516462-dd2c-4bc6-81f5-76be5a71a4b7}</UniqueIdentifier>
    </Filter>
    <Filter Include="Header Files\Classes\Localization">
      <UniqueIdentifier>{394b7b21-a63a-4b38-a944-6ab1a41e7618}</UniqueIdentifier>
    </Filter>
    <Filter Include="Source Files\Classes\Localization">
      <UniqueIdentifier>{d5ea8947-12a5-4e48-99e7-2cc8a3f73a42}</UniqueIdentifier>
    </Filter>
    <Filter Include="Header Files\Classes\Rotation">
      <UniqueIdentifier>{6b9426d9-2195-4151-8306-855285af4c2c}</UniqueIdentifier>
    </Filter>
    <Filter Include="Source Files\Classes\Rotation">
      <UniqueIdentifier>{54c41c43-c8d8-426a-b32a-eabb980574be}</UniqueIdentifier>
    </Filter>
    <Filter Include="Source Files\Util">
      <UniqueIdentifier>{4bea627f-8768-402f-b813-a146e14e9576}</UniqueIdentifier>
    </Filter>
    <Filter Include="Header Files\Classes\OCR2">
      <UniqueIdentifier>{f8afa6e0-6748-4dc2-b75f-8ffefa910a57}</UniqueIdentifier>
    </Filter>
    <Filter Include="Source Files\Classes\OCR2">
      <UniqueIdentifier>{fa648d36-0ff2-4599-95a1-ecdbb089cedb}</UniqueIdentifier>
    </Filter>
    <Filter Include="Header Files\Classes\OCR1">
      <UniqueIdentifier>{745b496c-7f7a-470c-9139-d6a565dec0b6}</UniqueIdentifier>
    </Filter>
    <Filter Include="Source Files\Classes\OCR1">
      <UniqueIdentifier>{474d03ee-4ed6-4547-88a4-a91f32bf6b0b}</UniqueIdentifier>
    </Filter>
  </ItemGroup>
  <ItemGroup>
    <ClCompile Include="Main.cpp">
      <Filter>Source Files</Filter>
    </ClCompile>
    <ClCompile Include="Example.cpp">
      <Filter>Source Files</Filter>
    </ClCompile>
    <ClCompile Include="Rotation\CalcHorizonLine.cpp">
      <Filter>Source Files\Classes\Rotation</Filter>
    </ClCompile>
    <ClCompile Include="Rotation\imageCorrection.cpp">
      <Filter>Source Files\Classes\Rotation</Filter>
    </ClCompile>
    <ClCompile Include="Rotation\imageTransform.cpp">
      <Filter>Source Files\Classes\Rotation</Filter>
    </ClCompile>
    <ClCompile Include="Rotation\matrix.cpp">
      <Filter>Source Files\Classes\Rotation</Filter>
    </ClCompile>
    <ClCompile Include="Rotation\Matrix6x6.cpp">
      <Filter>Source Files\Classes\Rotation</Filter>
    </ClCompile>
    <ClCompile Include="Rotation\thresholdDetermination.cpp">
      <Filter>Source Files\Classes\Rotation</Filter>
    </ClCompile>
    <ClCompile Include="Localization\Blob.cpp">
      <Filter>Source Files\Classes\Localization</Filter>
    </ClCompile>
    <ClCompile Include="Localization\BlobCheck.cpp">
      <Filter>Source Files\Classes\Localization</Filter>
    </ClCompile>
    <ClCompile Include="Localization\BlobDetection.cpp">
      <Filter>Source Files\Classes\Localization</Filter>
    </ClCompile>
    <ClCompile Include="Localization\localization.cpp">
      <Filter>Source Files\Classes\Localization</Filter>
    </ClCompile>
    <ClCompile Include="Localization\YellowColorFilter.cpp">
      <Filter>Source Files\Classes\Localization</Filter>
    </ClCompile>
    <ClCompile Include="Util\general.cpp">
      <Filter>Source Files\Util</Filter>
    </ClCompile>
    <ClCompile Include="OCR2\FileData.cpp">
      <Filter>Source Files\Classes\OCR2</Filter>
    </ClCompile>
    <ClCompile Include="OCR2\OCR2_Histogram.cpp">
      <Filter>Source Files\Classes\OCR2</Filter>
    </ClCompile>
    <ClCompile Include="OCR2\OCR2_HistogramOCR.cpp">
      <Filter>Source Files\Classes\OCR2</Filter>
    </ClCompile>
    <ClCompile Include="OCR2\OCR2_ImageResizer.cpp">
      <Filter>Source Files\Classes\OCR2</Filter>
    </ClCompile>
    <ClCompile Include="OCR2\OCR2_IntersectionOCR.cpp">
      <Filter>Source Files\Classes\OCR2</Filter>
    </ClCompile>
    <ClCompile Include="OCR2\OCR2_Segmentation.cpp">
      <Filter>Source Files\Classes\OCR2</Filter>
    </ClCompile>
    <ClCompile Include="OCR2\OCR2_StaticOCR.cpp">
      <Filter>Source Files\Classes\OCR2</Filter>
    </ClCompile>
    <ClCompile Include="OCR2\OCR2_StaticOCR2.cpp">
      <Filter>Source Files\Classes\OCR2</Filter>
    </ClCompile>
    <ClCompile Include="OCR2\OCR2_TicTacToeOCR.cpp">
      <Filter>Source Files\Classes\OCR2</Filter>
    </ClCompile>
    <ClCompile Include="OCR2\OpticalCharacterRecognition2.cpp">
      <Filter>Source Files\Classes\OCR2</Filter>
    </ClCompile>
    <ClCompile Include="OCR1\OCRPatternMatching.cpp">
      <Filter>Source Files\Classes\OCR1</Filter>
    </ClCompile>
    <ClCompile Include="OCR1\SplitLicensePlate.cpp">
      <Filter>Source Files\Classes\OCR1</Filter>
    </ClCompile>
    <ClCompile Include="Shadow_lighting\ShadowTest.cpp">
      <Filter>Source Files\Classes\Shadow and Lighting</Filter>
    </ClCompile>
    <ClCompile Include="Shadow_lighting\shadow_lighting.cpp">
      <Filter>Source Files\Classes\Shadow and Lighting</Filter>
    </ClCompile>
    <ClCompile Include="Shadow_lighting\RemoveLight.cpp">
      <Filter>Source Files\Classes\Shadow and Lighting</Filter>
    </ClCompile>
    <ClCompile Include="Shadow_lighting\Overexposure_Test.cpp">
      <Filter>Source Files\Classes\Shadow and Lighting</Filter>
    </ClCompile>
  </ItemGroup>
  <ItemGroup>
    <None Include="packages.config" />
  </ItemGroup>
  <ItemGroup>
    <ClInclude Include="example.h">
      <Filter>Header Files\Classes</Filter>
    </ClInclude>
    <ClInclude Include="Rotation\CalcHorizonLine.h">
      <Filter>Header Files\Classes\Rotation</Filter>
    </ClInclude>
    <ClInclude Include="Rotation\imageCorrection.h">
      <Filter>Header Files\Classes\Rotation</Filter>
    </ClInclude>
    <ClInclude Include="Rotation\imageTransform.h">
      <Filter>Header Files\Classes\Rotation</Filter>
    </ClInclude>
    <ClInclude Include="Rotation\matrix.h">
      <Filter>Header Files\Classes\Rotation</Filter>
    </ClInclude>
    <ClInclude Include="Rotation\Matrix6x6.h">
      <Filter>Header Files\Classes\Rotation</Filter>
    </ClInclude>
    <ClInclude Include="Rotation\thresholdDetermination.h">
      <Filter>Header Files\Classes\Rotation</Filter>
    </ClInclude>
    <ClInclude Include="Localization\Blob.h">
      <Filter>Header Files\Classes\Localization</Filter>
    </ClInclude>
    <ClInclude Include="Localization\BlobCheck.h">
      <Filter>Header Files\Classes\Localization</Filter>
    </ClInclude>
    <ClInclude Include="Localization\BlobDetection.h">
      <Filter>Header Files\Classes\Localization</Filter>
    </ClInclude>
    <ClInclude Include="Localization\localization.h">
      <Filter>Header Files\Classes\Localization</Filter>
    </ClInclude>
    <ClInclude Include="Localization\YellowColorFilter.h">
      <Filter>Header Files\Classes\Localization</Filter>
    </ClInclude>
    <ClInclude Include="Util\general.h">
      <Filter>Header Files\Util</Filter>
    </ClInclude>
    <ClInclude Include="Util\stopwatch.h">
      <Filter>Header Files\Util</Filter>
    </ClInclude>
    <ClInclude Include="Exceptions\allExceptions.h">
      <Filter>Header Files\Exceptions</Filter>
    </ClInclude>
    <ClInclude Include="Exceptions\distortionExceptions.h">
      <Filter>Header Files\Exceptions</Filter>
    </ClInclude>
    <ClInclude Include="Exceptions\generalExceptions.h">
      <Filter>Header Files\Exceptions</Filter>
    </ClInclude>
    <ClInclude Include="Exceptions\localizationExceptions.h">
      <Filter>Header Files\Exceptions</Filter>
    </ClInclude>
    <ClInclude Include="Exceptions\OCRExceptions.h">
      <Filter>Header Files\Exceptions</Filter>
    </ClInclude>
    <ClInclude Include="Exceptions\shadowExceptions.h">
      <Filter>Header Files\Exceptions</Filter>
    </ClInclude>
    <ClInclude Include="Exceptions\testExceptions.h">
      <Filter>Header Files\Exceptions</Filter>
    </ClInclude>
    <ClInclude Include="OCR2\FileData.h">
      <Filter>Header Files\Classes\OCR2</Filter>
    </ClInclude>
    <ClInclude Include="OCR2\OCR2_Histogram.h">
      <Filter>Header Files\Classes\OCR2</Filter>
    </ClInclude>
    <ClInclude Include="OCR2\OCR2_HistogramOCR.h">
      <Filter>Header Files\Classes\OCR2</Filter>
    </ClInclude>
    <ClInclude Include="OCR2\OCR2_HistogramOCR_References.h">
      <Filter>Header Files\Classes\OCR2</Filter>
    </ClInclude>
    <ClInclude Include="OCR2\OCR2_ImageResizer.h">
      <Filter>Header Files\Classes\OCR2</Filter>
    </ClInclude>
    <ClInclude Include="OCR2\OCR2_IntersectionOCR.h">
      <Filter>Header Files\Classes\OCR2</Filter>
    </ClInclude>
    <ClInclude Include="OCR2\OCR2_IntersectionOCR_References.h">
      <Filter>Header Files\Classes\OCR2</Filter>
    </ClInclude>
    <ClInclude Include="OCR2\OCR2_Segmentation.h">
      <Filter>Header Files\Classes\OCR2</Filter>
    </ClInclude>
    <ClInclude Include="OCR2\OCR2_StaticOCR.h">
      <Filter>Header Files\Classes\OCR2</Filter>
    </ClInclude>
    <ClInclude Include="OCR2\OCR2_StaticOCR_References.h">
      <Filter>Header Files\Classes\OCR2</Filter>
    </ClInclude>
    <ClInclude Include="OCR2\OCR2_StaticOCR2.h">
      <Filter>Header Files\Classes\OCR2</Filter>
    </ClInclude>
    <ClInclude Include="OCR2\OCR2_TicTacToeOCR.h">
      <Filter>Header Files\Classes\OCR2</Filter>
    </ClInclude>
    <ClInclude Include="OCR2\OpticalCharacterRecognition2.h">
      <Filter>Header Files\Classes\OCR2</Filter>
    </ClInclude>
    <ClInclude Include="OCR1\OCRPatternMatching.h">
      <Filter>Header Files\Classes\OCR1</Filter>
    </ClInclude>
    <ClInclude Include="OCR1\SplitLicensePlate.h">
      <Filter>Header Files\Classes\OCR1</Filter>
    </ClInclude>
    <ClInclude Include="Shadow_lighting\ShadowTest.h">
      <Filter>Header Files\Classes\Shadow and Lighting</Filter>
    </ClInclude>
    <ClInclude Include="Shadow_lighting\shadow_lighting.h">
      <Filter>Header Files\Classes\Shadow and Lighting</Filter>
    </ClInclude>
    <ClInclude Include="Shadow_lighting\RemoveLight.h">
      <Filter>Header Files\Classes\Shadow and Lighting</Filter>
    </ClInclude>
    <ClInclude Include="Shadow_lighting\Overexposure_Test.h">
      <Filter>Header Files\Classes\Shadow and Lighting</Filter>
    </ClInclude>
  </ItemGroup>
</Project>