
Microsoft Visual Studio Solution File, Format Version 12.00
# Visual Studio 2013
VisualStudioVersion = 12.0.21005.1
MinimumVisualStudioVersion = 10.0.40219.1
Project("{8BC9CEB8-8B4A-11D0-8D11-00A0C91BC942}") = "vision", "vision\vision.vcxproj", "{57A39AE7-D61B-4531-910F-249B0CD77934}"
	ProjectSection(ProjectDependencies) = postProject
		{019DBD2A-273D-4BA4-BF86-B5EFE2ED76B1} = {019DBD2A-273D-4BA4-BF86-B5EFE2ED76B1}
	EndProjectSection
EndProject
Project("{8BC9CEB8-8B4A-11D0-8D11-00A0C91BC942}") = "jpeg", "jpeg-9a\jpeg.vcxproj", "{019DBD2A-273D-4BA4-BF86-B5EFE2ED76B1}"
EndProject
Project("{8BC9CEB8-8B4A-11D0-8D11-00A0C91BC942}") = "Timer", "timer\Timer.vcxproj", "{E2A17127-D523-403E-B063-5C72CB836333}"
EndProject
Project("{8BC9CEB8-8B4A-11D0-8D11-00A0C91BC942}") = "GenerateImages", "GenerateImages\GenerateImages.vcxproj", "{5ACE6342-C543-468B-8818-956AABF2D9BF}"
	ProjectSection(ProjectDependencies) = postProject
		{E2A17127-D523-403E-B063-5C72CB836333} = {E2A17127-D523-403E-B063-5C72CB836333}
		{57A39AE7-D61B-4531-910F-249B0CD77934} = {57A39AE7-D61B-4531-910F-249B0CD77934}
	EndProjectSection
EndProject
Global
	GlobalSection(SolutionConfigurationPlatforms) = preSolution
		Debug|Any CPU = Debug|Any CPU
		Debug|Mixed Platforms = Debug|Mixed Platforms
		Debug|Win32 = Debug|Win32
		Release|Any CPU = Release|Any CPU
		Release|Mixed Platforms = Release|Mixed Platforms
		Release|Win32 = Release|Win32
	EndGlobalSection
	GlobalSection(ProjectConfigurationPlatforms) = postSolution
		{57A39AE7-D61B-4531-910F-249B0CD77934}.Debug|Any CPU.ActiveCfg = Debug|Win32
		{57A39AE7-D61B-4531-910F-249B0CD77934}.Debug|Mixed Platforms.ActiveCfg = Debug|Win32
		{57A39AE7-D61B-4531-910F-249B0CD77934}.Debug|Mixed Platforms.Build.0 = Debug|Win32
		{57A39AE7-D61B-4531-910F-249B0CD77934}.Debug|Win32.ActiveCfg = Debug|Win32
		{57A39AE7-D61B-4531-910F-249B0CD77934}.Debug|Win32.Build.0 = Debug|Win32
		{57A39AE7-D61B-4531-910F-249B0CD77934}.Release|Any CPU.ActiveCfg = Release|Win32
		{57A39AE7-D61B-4531-910F-249B0CD77934}.Release|Mixed Platforms.ActiveCfg = Release|Win32
		{57A39AE7-D61B-4531-910F-249B0CD77934}.Release|Mixed Platforms.Build.0 = Release|Win32
		{57A39AE7-D61B-4531-910F-249B0CD77934}.Release|Win32.ActiveCfg = Release|Win32
		{57A39AE7-D61B-4531-910F-249B0CD77934}.Release|Win32.Build.0 = Release|Win32
		{019DBD2A-273D-4BA4-BF86-B5EFE2ED76B1}.Debug|Any CPU.ActiveCfg = Release|Win32
		{019DBD2A-273D-4BA4-BF86-B5EFE2ED76B1}.Debug|Mixed Platforms.ActiveCfg = Release|Win32
		{019DBD2A-273D-4BA4-BF86-B5EFE2ED76B1}.Debug|Mixed Platforms.Build.0 = Release|Win32
		{019DBD2A-273D-4BA4-BF86-B5EFE2ED76B1}.Debug|Win32.ActiveCfg = Release|Win32
		{019DBD2A-273D-4BA4-BF86-B5EFE2ED76B1}.Debug|Win32.Build.0 = Release|Win32
		{019DBD2A-273D-4BA4-BF86-B5EFE2ED76B1}.Release|Any CPU.ActiveCfg = Release|Win32
		{019DBD2A-273D-4BA4-BF86-B5EFE2ED76B1}.Release|Mixed Platforms.ActiveCfg = Release|Win32
		{019DBD2A-273D-4BA4-BF86-B5EFE2ED76B1}.Release|Mixed Platforms.Build.0 = Release|Win32
		{019DBD2A-273D-4BA4-BF86-B5EFE2ED76B1}.Release|Win32.ActiveCfg = Release|Win32
		{019DBD2A-273D-4BA4-BF86-B5EFE2ED76B1}.Release|Win32.Build.0 = Release|Win32
		{E2A17127-D523-403E-B063-5C72CB836333}.Debug|Any CPU.ActiveCfg = Debug|Win32
		{E2A17127-D523-403E-B063-5C72CB836333}.Debug|Mixed Platforms.ActiveCfg = Debug|Win32
		{E2A17127-D523-403E-B063-5C72CB836333}.Debug|Mixed Platforms.Build.0 = Debug|Win32
		{E2A17127-D523-403E-B063-5C72CB836333}.Debug|Win32.ActiveCfg = Debug|Win32
		{E2A17127-D523-403E-B063-5C72CB836333}.Debug|Win32.Build.0 = Debug|Win32
		{E2A17127-D523-403E-B063-5C72CB836333}.Release|Any CPU.ActiveCfg = Release|Win32
		{E2A17127-D523-403E-B063-5C72CB836333}.Release|Mixed Platforms.ActiveCfg = Release|Win32
		{E2A17127-D523-403E-B063-5C72CB836333}.Release|Mixed Platforms.Build.0 = Release|Win32
		{E2A17127-D523-403E-B063-5C72CB836333}.Release|Win32.ActiveCfg = Release|Win32
		{E2A17127-D523-403E-B063-5C72CB836333}.Release|Win32.Build.0 = Release|Win32
		{5ACE6342-C543-468B-8818-956AABF2D9BF}.Debug|Any CPU.ActiveCfg = Debug|Win32
		{5ACE6342-C543-468B-8818-956AABF2D9BF}.Debug|Mixed Platforms.ActiveCfg = Debug|Win32
		{5ACE6342-C543-468B-8818-956AABF2D9BF}.Debug|Mixed Platforms.Build.0 = Debug|Win32
		{5ACE6342-C543-468B-8818-956AABF2D9BF}.Debug|Win32.ActiveCfg = Debug|Win32
		{5ACE6342-C543-468B-8818-956AABF2D9BF}.Debug|Win32.Build.0 = Debug|Win32
		{5ACE6342-C543-468B-8818-956AABF2D9BF}.Release|Any CPU.ActiveCfg = Release|Win32
		{5ACE6342-C543-468B-8818-956AABF2D9BF}.Release|Mixed Platforms.ActiveCfg = Release|Win32
		{5ACE6342-C543-468B-8818-956AABF2D9BF}.Release|Mixed Platforms.Build.0 = Release|Win32
		{5ACE6342-C543-468B-8818-956AABF2D9BF}.Release|Win32.ActiveCfg = Release|Win32
		{5ACE6342-C543-468B-8818-956AABF2D9BF}.Release|Win32.Build.0 = Release|Win32
	EndGlobalSection
	GlobalSection(SolutionProperties) = preSolution
		HideSolutionNode = FALSE
	EndGlobalSection
EndGlobal
