<?xml version="1.0" encoding="utf-8"?>
<Project ToolsVersion="4.0" xmlns="http://schemas.microsoft.com/developer/msbuild/2003">
  <ItemGroup>
    <Filter Include="Source Files">
      <UniqueIdentifier>{4FC737F1-C7A5-4376-A066-2A32D752A2FF}</UniqueIdentifier>
      <Extensions>cpp;c;cc;cxx;def;odl;idl;hpj;bat;asm;asmx</Extensions>
    </Filter>
    <Filter Include="Header Files">
      <UniqueIdentifier>{93995380-89BD-4b04-88EB-625FBE52EBFB}</UniqueIdentifier>
      <Extensions>h;hh;hpp;hxx;hm;inl;inc;xsd</Extensions>
    </Filter>
    <Filter Include="Resource Files">
      <UniqueIdentifier>{67DA6AB6-F800-4c08-8B7A-83BB121AAD01}</UniqueIdentifier>
      <Extensions>rc;ico;cur;bmp;dlg;rc2;rct;bin;rgs;gif;jpg;jpeg;jpe;resx;tiff;tif;png;wav;mfcribbon-ms</Extensions>
    </Filter>
    <Filter Include="PGO Training Data">
      <UniqueIdentifier>{059ad82c-4c53-4cd4-884a-42054c618571}</UniqueIdentifier>
    </Filter>
    <Filter Include="PGO Training Data\x64">
      <UniqueIdentifier>{a0cb5c1e-fd5a-44b9-897d-9f3ad339461f}</UniqueIdentifier>
    </Filter>
  </ItemGroup>
  <ItemGroup>
    <ClInclude Include="NeuralNetwork.h">
      <Filter>Header Files</Filter>
    </ClInclude>
    <ClInclude Include="NeuronLayer.h">
      <Filter>Header Files</Filter>
    </ClInclude>
    <ClInclude Include="CheckPatterns.h">
      <Filter>Header Files</Filter>
    </ClInclude>
    <ClInclude Include="Extensions.h">
      <Filter>Header Files</Filter>
    </ClInclude>
    <ClInclude Include="ImageList.h">
      <Filter>Header Files</Filter>
    </ClInclude>
    <ClInclude Include="NeuralNetworkOCR.h">
      <Filter>Header Files</Filter>
    </ClInclude>
    <ClInclude Include="TrainingsManager.h">
      <Filter>Header Files</Filter>
    </ClInclude>
    <ClInclude Include="TrainData.h">
      <Filter>Header Files</Filter>
    </ClInclude>
  </ItemGroup>
  <ItemGroup>
    <ClCompile Include="NeuralNetwork.cpp">
      <Filter>Source Files</Filter>
    </ClCompile>
    <ClCompile Include="NeuronLayer.cpp">
      <Filter>Source Files</Filter>
    </ClCompile>
    <ClCompile Include="main.cpp">
      <Filter>Source Files</Filter>
    </ClCompile>
    <ClCompile Include="CheckPatterns.cpp">
      <Filter>Source Files</Filter>
    </ClCompile>
    <ClCompile Include="ImageList.cpp">
      <Filter>Source Files</Filter>
    </ClCompile>
    <ClCompile Include="NeuralNetworkOCR.cpp">
      <Filter>Source Files</Filter>
    </ClCompile>
    <ClCompile Include="TrainingsManager.cpp">
      <Filter>Source Files</Filter>
    </ClCompile>
    <ClCompile Include="TrainData.cpp">
      <Filter>Source Files</Filter>
    </ClCompile>
  </ItemGroup>
  <ItemGroup>
    <None Include="packages.config">
      <Filter>Source Files</Filter>
    </None>
    <None Include="PGO Training Data\x64\OCR NN 2.pgd">
      <Filter>PGO Training Data\x64</Filter>
    </None>
  </ItemGroup>
</Project>